// !$*UTF8*$!
{
	archiveVersion = 1;
	classes = {
	};
	objectVersion = 55;
	objects = {

/* Begin PBXBuildFile section */
		7EC9990C2848A5BC008D04FD /* HappyTimeApp.swift in Sources */ = {isa = PBXBuildFile; fileRef = 7EC9990B2848A5BC008D04FD /* HappyTimeApp.swift */; };
		7EC999102848A5BD008D04FD /* Assets.xcassets in Resources */ = {isa = PBXBuildFile; fileRef = 7EC9990F2848A5BD008D04FD /* Assets.xcassets */; };
		7EC999132848A5BD008D04FD /* Preview Assets.xcassets in Resources */ = {isa = PBXBuildFile; fileRef = 7EC999122848A5BD008D04FD /* Preview Assets.xcassets */; };
		7EC9991D2848A5BE008D04FD /* HappyTimeTests.swift in Sources */ = {isa = PBXBuildFile; fileRef = 7EC9991C2848A5BE008D04FD /* HappyTimeTests.swift */; };
		7EC999272848A5BE008D04FD /* HappyTimeUITests.swift in Sources */ = {isa = PBXBuildFile; fileRef = 7EC999262848A5BE008D04FD /* HappyTimeUITests.swift */; };
		7EC999292848A5BE008D04FD /* HappyTimeUITestsLaunchTests.swift in Sources */ = {isa = PBXBuildFile; fileRef = 7EC999282848A5BE008D04FD /* HappyTimeUITestsLaunchTests.swift */; };
		7EC999392848A6FF008D04FD /* RootView.swift in Sources */ = {isa = PBXBuildFile; fileRef = 7EC999382848A6FF008D04FD /* RootView.swift */; };
		7EC9993B2848A762008D04FD /* TabViewModel.swift in Sources */ = {isa = PBXBuildFile; fileRef = 7EC9993A2848A762008D04FD /* TabViewModel.swift */; };
		7EC9993D2848A773008D04FD /* TabItem.swift in Sources */ = {isa = PBXBuildFile; fileRef = 7EC9993C2848A773008D04FD /* TabItem.swift */; };
		7EC9993F2848AE8A008D04FD /* AppDelegate.swift in Sources */ = {isa = PBXBuildFile; fileRef = 7EC9993E2848AE8A008D04FD /* AppDelegate.swift */; };
/* End PBXBuildFile section */

/* Begin PBXContainerItemProxy section */
		7EC999192848A5BE008D04FD /* PBXContainerItemProxy */ = {
			isa = PBXContainerItemProxy;
			containerPortal = 7EC999002848A5BC008D04FD /* Project object */;
			proxyType = 1;
			remoteGlobalIDString = 7EC999072848A5BC008D04FD;
			remoteInfo = HappyTime;
		};
		7EC999232848A5BE008D04FD /* PBXContainerItemProxy */ = {
			isa = PBXContainerItemProxy;
			containerPortal = 7EC999002848A5BC008D04FD /* Project object */;
			proxyType = 1;
			remoteGlobalIDString = 7EC999072848A5BC008D04FD;
			remoteInfo = HappyTime;
		};
/* End PBXContainerItemProxy section */

/* Begin PBXFileReference section */
		7EC999082848A5BC008D04FD /* HappyTime.app */ = {isa = PBXFileReference; explicitFileType = wrapper.application; includeInIndex = 0; path = HappyTime.app; sourceTree = BUILT_PRODUCTS_DIR; };
		7EC9990B2848A5BC008D04FD /* HappyTimeApp.swift */ = {isa = PBXFileReference; lastKnownFileType = sourcecode.swift; path = HappyTimeApp.swift; sourceTree = "<group>"; };
		7EC9990F2848A5BD008D04FD /* Assets.xcassets */ = {isa = PBXFileReference; lastKnownFileType = folder.assetcatalog; path = Assets.xcassets; sourceTree = "<group>"; };
		7EC999122848A5BD008D04FD /* Preview Assets.xcassets */ = {isa = PBXFileReference; lastKnownFileType = folder.assetcatalog; path = "Preview Assets.xcassets"; sourceTree = "<group>"; };
		7EC999182848A5BE008D04FD /* HappyTimeTests.xctest */ = {isa = PBXFileReference; explicitFileType = wrapper.cfbundle; includeInIndex = 0; path = HappyTimeTests.xctest; sourceTree = BUILT_PRODUCTS_DIR; };
		7EC9991C2848A5BE008D04FD /* HappyTimeTests.swift */ = {isa = PBXFileReference; lastKnownFileType = sourcecode.swift; path = HappyTimeTests.swift; sourceTree = "<group>"; };
		7EC999222848A5BE008D04FD /* HappyTimeUITests.xctest */ = {isa = PBXFileReference; explicitFileType = wrapper.cfbundle; includeInIndex = 0; path = HappyTimeUITests.xctest; sourceTree = BUILT_PRODUCTS_DIR; };
		7EC999262848A5BE008D04FD /* HappyTimeUITests.swift */ = {isa = PBXFileReference; lastKnownFileType = sourcecode.swift; path = HappyTimeUITests.swift; sourceTree = "<group>"; };
		7EC999282848A5BE008D04FD /* HappyTimeUITestsLaunchTests.swift */ = {isa = PBXFileReference; lastKnownFileType = sourcecode.swift; path = HappyTimeUITestsLaunchTests.swift; sourceTree = "<group>"; };
		7EC999382848A6FF008D04FD /* RootView.swift */ = {isa = PBXFileReference; lastKnownFileType = sourcecode.swift; path = RootView.swift; sourceTree = "<group>"; };
		7EC9993A2848A762008D04FD /* TabViewModel.swift */ = {isa = PBXFileReference; lastKnownFileType = sourcecode.swift; path = TabViewModel.swift; sourceTree = "<group>"; };
		7EC9993C2848A773008D04FD /* TabItem.swift */ = {isa = PBXFileReference; lastKnownFileType = sourcecode.swift; path = TabItem.swift; sourceTree = "<group>"; };
		7EC9993E2848AE8A008D04FD /* AppDelegate.swift */ = {isa = PBXFileReference; lastKnownFileType = sourcecode.swift; path = AppDelegate.swift; sourceTree = "<group>"; };
/* End PBXFileReference section */

/* Begin PBXFrameworksBuildPhase section */
		7EC999052848A5BC008D04FD /* Frameworks */ = {
			isa = PBXFrameworksBuildPhase;
			buildActionMask = 2147483647;
			files = (
			);
			runOnlyForDeploymentPostprocessing = 0;
		};
		7EC999152848A5BE008D04FD /* Frameworks */ = {
			isa = PBXFrameworksBuildPhase;
			buildActionMask = 2147483647;
			files = (
			);
			runOnlyForDeploymentPostprocessing = 0;
		};
		7EC9991F2848A5BE008D04FD /* Frameworks */ = {
			isa = PBXFrameworksBuildPhase;
			buildActionMask = 2147483647;
			files = (
			);
			runOnlyForDeploymentPostprocessing = 0;
		};
/* End PBXFrameworksBuildPhase section */

/* Begin PBXGroup section */
		7EC998FF2848A5BC008D04FD = {
			isa = PBXGroup;
			children = (
				7EC9990A2848A5BC008D04FD /* HappyTime */,
				7EC9991B2848A5BE008D04FD /* HappyTimeTests */,
				7EC999252848A5BE008D04FD /* HappyTimeUITests */,
				7EC999092848A5BC008D04FD /* Products */,
			);
			sourceTree = "<group>";
		};
		7EC999092848A5BC008D04FD /* Products */ = {
			isa = PBXGroup;
			children = (
				7EC999082848A5BC008D04FD /* HappyTime.app */,
				7EC999182848A5BE008D04FD /* HappyTimeTests.xctest */,
				7EC999222848A5BE008D04FD /* HappyTimeUITests.xctest */,
			);
			name = Products;
			sourceTree = "<group>";
		};
		7EC9990A2848A5BC008D04FD /* HappyTime */ = {
			isa = PBXGroup;
			children = (
				7EC999352848A694008D04FD /* Tab */,
				7EC9990B2848A5BC008D04FD /* HappyTimeApp.swift */,
				7EC9993E2848AE8A008D04FD /* AppDelegate.swift */,
				7EC9990F2848A5BD008D04FD /* Assets.xcassets */,
				7EC999112848A5BD008D04FD /* Preview Content */,
			);
			path = HappyTime;
			sourceTree = "<group>";
		};
		7EC999112848A5BD008D04FD /* Preview Content */ = {
			isa = PBXGroup;
			children = (
				7EC999122848A5BD008D04FD /* Preview Assets.xcassets */,
			);
			path = "Preview Content";
			sourceTree = "<group>";
		};
		7EC9991B2848A5BE008D04FD /* HappyTimeTests */ = {
			isa = PBXGroup;
			children = (
				7EC9991C2848A5BE008D04FD /* HappyTimeTests.swift */,
			);
			path = HappyTimeTests;
			sourceTree = "<group>";
		};
		7EC999252848A5BE008D04FD /* HappyTimeUITests */ = {
			isa = PBXGroup;
			children = (
				7EC999262848A5BE008D04FD /* HappyTimeUITests.swift */,
				7EC999282848A5BE008D04FD /* HappyTimeUITestsLaunchTests.swift */,
			);
			path = HappyTimeUITests;
			sourceTree = "<group>";
		};
		7EC999352848A694008D04FD /* Tab */ = {
			isa = PBXGroup;
			children = (
				7EC999372848A6B7008D04FD /* View */,
				7EC999362848A6A1008D04FD /* ViewModel */,
			);
			path = Tab;
			sourceTree = "<group>";
		};
		7EC999362848A6A1008D04FD /* ViewModel */ = {
			isa = PBXGroup;
			children = (
				7EC9993A2848A762008D04FD /* TabViewModel.swift */,
				7EC9993C2848A773008D04FD /* TabItem.swift */,
			);
			path = ViewModel;
			sourceTree = "<group>";
		};
		7EC999372848A6B7008D04FD /* View */ = {
			isa = PBXGroup;
			children = (
				7EC999382848A6FF008D04FD /* RootView.swift */,
			);
			path = View;
			sourceTree = "<group>";
		};
/* End PBXGroup section */

/* Begin PBXNativeTarget section */
		7EC999072848A5BC008D04FD /* HappyTime */ = {
			isa = PBXNativeTarget;
			buildConfigurationList = 7EC9992C2848A5BE008D04FD /* Build configuration list for PBXNativeTarget "HappyTime" */;
			buildPhases = (
				7EC999042848A5BC008D04FD /* Sources */,
				7EC999052848A5BC008D04FD /* Frameworks */,
				7EC999062848A5BC008D04FD /* Resources */,
			);
			buildRules = (
			);
			dependencies = (
			);
			name = HappyTime;
			productName = HappyTime;
			productReference = 7EC999082848A5BC008D04FD /* HappyTime.app */;
			productType = "com.apple.product-type.application";
		};
		7EC999172848A5BE008D04FD /* HappyTimeTests */ = {
			isa = PBXNativeTarget;
			buildConfigurationList = 7EC9992F2848A5BE008D04FD /* Build configuration list for PBXNativeTarget "HappyTimeTests" */;
			buildPhases = (
				7EC999142848A5BE008D04FD /* Sources */,
				7EC999152848A5BE008D04FD /* Frameworks */,
				7EC999162848A5BE008D04FD /* Resources */,
			);
			buildRules = (
			);
			dependencies = (
				7EC9991A2848A5BE008D04FD /* PBXTargetDependency */,
			);
			name = HappyTimeTests;
			productName = HappyTimeTests;
			productReference = 7EC999182848A5BE008D04FD /* HappyTimeTests.xctest */;
			productType = "com.apple.product-type.bundle.unit-test";
		};
		7EC999212848A5BE008D04FD /* HappyTimeUITests */ = {
			isa = PBXNativeTarget;
			buildConfigurationList = 7EC999322848A5BE008D04FD /* Build configuration list for PBXNativeTarget "HappyTimeUITests" */;
			buildPhases = (
				7EC9991E2848A5BE008D04FD /* Sources */,
				7EC9991F2848A5BE008D04FD /* Frameworks */,
				7EC999202848A5BE008D04FD /* Resources */,
			);
			buildRules = (
			);
			dependencies = (
				7EC999242848A5BE008D04FD /* PBXTargetDependency */,
			);
			name = HappyTimeUITests;
			productName = HappyTimeUITests;
			productReference = 7EC999222848A5BE008D04FD /* HappyTimeUITests.xctest */;
			productType = "com.apple.product-type.bundle.ui-testing";
		};
/* End PBXNativeTarget section */

/* Begin PBXProject section */
		7EC999002848A5BC008D04FD /* Project object */ = {
			isa = PBXProject;
			attributes = {
				BuildIndependentTargetsInParallel = 1;
				LastSwiftUpdateCheck = 1320;
				LastUpgradeCheck = 1320;
				TargetAttributes = {
					7EC999072848A5BC008D04FD = {
						CreatedOnToolsVersion = 13.2.1;
					};
					7EC999172848A5BE008D04FD = {
						CreatedOnToolsVersion = 13.2.1;
						TestTargetID = 7EC999072848A5BC008D04FD;
					};
					7EC999212848A5BE008D04FD = {
						CreatedOnToolsVersion = 13.2.1;
						TestTargetID = 7EC999072848A5BC008D04FD;
					};
				};
			};
			buildConfigurationList = 7EC999032848A5BC008D04FD /* Build configuration list for PBXProject "HappyTime" */;
			compatibilityVersion = "Xcode 13.0";
			developmentRegion = en;
			hasScannedForEncodings = 0;
			knownRegions = (
				en,
				Base,
			);
			mainGroup = 7EC998FF2848A5BC008D04FD;
			productRefGroup = 7EC999092848A5BC008D04FD /* Products */;
			projectDirPath = "";
			projectRoot = "";
			targets = (
				7EC999072848A5BC008D04FD /* HappyTime */,
				7EC999172848A5BE008D04FD /* HappyTimeTests */,
				7EC999212848A5BE008D04FD /* HappyTimeUITests */,
			);
		};
/* End PBXProject section */

/* Begin PBXResourcesBuildPhase section */
		7EC999062848A5BC008D04FD /* Resources */ = {
			isa = PBXResourcesBuildPhase;
			buildActionMask = 2147483647;
			files = (
				7EC999132848A5BD008D04FD /* Preview Assets.xcassets in Resources */,
				7EC999102848A5BD008D04FD /* Assets.xcassets in Resources */,
			);
			runOnlyForDeploymentPostprocessing = 0;
		};
		7EC999162848A5BE008D04FD /* Resources */ = {
			isa = PBXResourcesBuildPhase;
			buildActionMask = 2147483647;
			files = (
			);
			runOnlyForDeploymentPostprocessing = 0;
		};
		7EC999202848A5BE008D04FD /* Resources */ = {
			isa = PBXResourcesBuildPhase;
			buildActionMask = 2147483647;
			files = (
			);
			runOnlyForDeploymentPostprocessing = 0;
		};
/* End PBXResourcesBuildPhase section */

/* Begin PBXSourcesBuildPhase section */
		7EC999042848A5BC008D04FD /* Sources */ = {
			isa = PBXSourcesBuildPhase;
			buildActionMask = 2147483647;
			files = (
				7EC9993F2848AE8A008D04FD /* AppDelegate.swift in Sources */,
				7EC9993B2848A762008D04FD /* TabViewModel.swift in Sources */,
				7EC999392848A6FF008D04FD /* RootView.swift in Sources */,
				7EC9993D2848A773008D04FD /* TabItem.swift in Sources */,
				7EC9990C2848A5BC008D04FD /* HappyTimeApp.swift in Sources */,
			);
			runOnlyForDeploymentPostprocessing = 0;
		};
		7EC999142848A5BE008D04FD /* Sources */ = {
			isa = PBXSourcesBuildPhase;
			buildActionMask = 2147483647;
			files = (
				7EC9991D2848A5BE008D04FD /* HappyTimeTests.swift in Sources */,
			);
			runOnlyForDeploymentPostprocessing = 0;
		};
		7EC9991E2848A5BE008D04FD /* Sources */ = {
			isa = PBXSourcesBuildPhase;
			buildActionMask = 2147483647;
			files = (
				7EC999292848A5BE008D04FD /* HappyTimeUITestsLaunchTests.swift in Sources */,
				7EC999272848A5BE008D04FD /* HappyTimeUITests.swift in Sources */,
			);
			runOnlyForDeploymentPostprocessing = 0;
		};
/* End PBXSourcesBuildPhase section */

/* Begin PBXTargetDependency section */
		7EC9991A2848A5BE008D04FD /* PBXTargetDependency */ = {
			isa = PBXTargetDependency;
			target = 7EC999072848A5BC008D04FD /* HappyTime */;
			targetProxy = 7EC999192848A5BE008D04FD /* PBXContainerItemProxy */;
		};
		7EC999242848A5BE008D04FD /* PBXTargetDependency */ = {
			isa = PBXTargetDependency;
			target = 7EC999072848A5BC008D04FD /* HappyTime */;
			targetProxy = 7EC999232848A5BE008D04FD /* PBXContainerItemProxy */;
		};
/* End PBXTargetDependency section */

/* Begin XCBuildConfiguration section */
		7EC9992A2848A5BE008D04FD /* Debug */ = {
			isa = XCBuildConfiguration;
			buildSettings = {
				ALWAYS_SEARCH_USER_PATHS = NO;
				CLANG_ANALYZER_NONNULL = YES;
				CLANG_ANALYZER_NUMBER_OBJECT_CONVERSION = YES_AGGRESSIVE;
				CLANG_CXX_LANGUAGE_STANDARD = "gnu++17";
				CLANG_CXX_LIBRARY = "libc++";
				CLANG_ENABLE_MODULES = YES;
				CLANG_ENABLE_OBJC_ARC = YES;
				CLANG_ENABLE_OBJC_WEAK = YES;
				CLANG_WARN_BLOCK_CAPTURE_AUTORELEASING = YES;
				CLANG_WARN_BOOL_CONVERSION = YES;
				CLANG_WARN_COMMA = YES;
				CLANG_WARN_CONSTANT_CONVERSION = YES;
				CLANG_WARN_DEPRECATED_OBJC_IMPLEMENTATIONS = YES;
				CLANG_WARN_DIRECT_OBJC_ISA_USAGE = YES_ERROR;
				CLANG_WARN_DOCUMENTATION_COMMENTS = YES;
				CLANG_WARN_EMPTY_BODY = YES;
				CLANG_WARN_ENUM_CONVERSION = YES;
				CLANG_WARN_INFINITE_RECURSION = YES;
				CLANG_WARN_INT_CONVERSION = YES;
				CLANG_WARN_NON_LITERAL_NULL_CONVERSION = YES;
				CLANG_WARN_OBJC_IMPLICIT_RETAIN_SELF = YES;
				CLANG_WARN_OBJC_LITERAL_CONVERSION = YES;
				CLANG_WARN_OBJC_ROOT_CLASS = YES_ERROR;
				CLANG_WARN_QUOTED_INCLUDE_IN_FRAMEWORK_HEADER = YES;
				CLANG_WARN_RANGE_LOOP_ANALYSIS = YES;
				CLANG_WARN_STRICT_PROTOTYPES = YES;
				CLANG_WARN_SUSPICIOUS_MOVE = YES;
				CLANG_WARN_UNGUARDED_AVAILABILITY = YES_AGGRESSIVE;
				CLANG_WARN_UNREACHABLE_CODE = YES;
				CLANG_WARN__DUPLICATE_METHOD_MATCH = YES;
				COPY_PHASE_STRIP = NO;
				DEBUG_INFORMATION_FORMAT = dwarf;
				ENABLE_STRICT_OBJC_MSGSEND = YES;
				ENABLE_TESTABILITY = YES;
				GCC_C_LANGUAGE_STANDARD = gnu11;
				GCC_DYNAMIC_NO_PIC = NO;
				GCC_NO_COMMON_BLOCKS = YES;
				GCC_OPTIMIZATION_LEVEL = 0;
				GCC_PREPROCESSOR_DEFINITIONS = (
					"DEBUG=1",
					"$(inherited)",
				);
				GCC_WARN_64_TO_32_BIT_CONVERSION = YES;
				GCC_WARN_ABOUT_RETURN_TYPE = YES_ERROR;
				GCC_WARN_UNDECLARED_SELECTOR = YES;
				GCC_WARN_UNINITIALIZED_AUTOS = YES_AGGRESSIVE;
				GCC_WARN_UNUSED_FUNCTION = YES;
				GCC_WARN_UNUSED_VARIABLE = YES;
				IPHONEOS_DEPLOYMENT_TARGET = 15.2;
				MTL_ENABLE_DEBUG_INFO = INCLUDE_SOURCE;
				MTL_FAST_MATH = YES;
				ONLY_ACTIVE_ARCH = YES;
				SDKROOT = iphoneos;
				SWIFT_ACTIVE_COMPILATION_CONDITIONS = DEBUG;
				SWIFT_OPTIMIZATION_LEVEL = "-Onone";
			};
			name = Debug;
		};
		7EC9992B2848A5BE008D04FD /* Release */ = {
			isa = XCBuildConfiguration;
			buildSettings = {
				ALWAYS_SEARCH_USER_PATHS = NO;
				CLANG_ANALYZER_NONNULL = YES;
				CLANG_ANALYZER_NUMBER_OBJECT_CONVERSION = YES_AGGRESSIVE;
				CLANG_CXX_LANGUAGE_STANDARD = "gnu++17";
				CLANG_CXX_LIBRARY = "libc++";
				CLANG_ENABLE_MODULES = YES;
				CLANG_ENABLE_OBJC_ARC = YES;
				CLANG_ENABLE_OBJC_WEAK = YES;
				CLANG_WARN_BLOCK_CAPTURE_AUTORELEASING = YES;
				CLANG_WARN_BOOL_CONVERSION = YES;
				CLANG_WARN_COMMA = YES;
				CLANG_WARN_CONSTANT_CONVERSION = YES;
				CLANG_WARN_DEPRECATED_OBJC_IMPLEMENTATIONS = YES;
				CLANG_WARN_DIRECT_OBJC_ISA_USAGE = YES_ERROR;
				CLANG_WARN_DOCUMENTATION_COMMENTS = YES;
				CLANG_WARN_EMPTY_BODY = YES;
				CLANG_WARN_ENUM_CONVERSION = YES;
				CLANG_WARN_INFINITE_RECURSION = YES;
				CLANG_WARN_INT_CONVERSION = YES;
				CLANG_WARN_NON_LITERAL_NULL_CONVERSION = YES;
				CLANG_WARN_OBJC_IMPLICIT_RETAIN_SELF = YES;
				CLANG_WARN_OBJC_LITERAL_CONVERSION = YES;
				CLANG_WARN_OBJC_ROOT_CLASS = YES_ERROR;
				CLANG_WARN_QUOTED_INCLUDE_IN_FRAMEWORK_HEADER = YES;
				CLANG_WARN_RANGE_LOOP_ANALYSIS = YES;
				CLANG_WARN_STRICT_PROTOTYPES = YES;
				CLANG_WARN_SUSPICIOUS_MOVE = YES;
				CLANG_WARN_UNGUARDED_AVAILABILITY = YES_AGGRESSIVE;
				CLANG_WARN_UNREACHABLE_CODE = YES;
				CLANG_WARN__DUPLICATE_METHOD_MATCH = YES;
				COPY_PHASE_STRIP = NO;
				DEBUG_INFORMATION_FORMAT = "dwarf-with-dsym";
				ENABLE_NS_ASSERTIONS = NO;
				ENABLE_STRICT_OBJC_MSGSEND = YES;
				GCC_C_LANGUAGE_STANDARD = gnu11;
				GCC_NO_COMMON_BLOCKS = YES;
				GCC_WARN_64_TO_32_BIT_CONVERSION = YES;
				GCC_WARN_ABOUT_RETURN_TYPE = YES_ERROR;
				GCC_WARN_UNDECLARED_SELECTOR = YES;
				GCC_WARN_UNINITIALIZED_AUTOS = YES_AGGRESSIVE;
				GCC_WARN_UNUSED_FUNCTION = YES;
				GCC_WARN_UNUSED_VARIABLE = YES;
				IPHONEOS_DEPLOYMENT_TARGET = 15.2;
				MTL_ENABLE_DEBUG_INFO = NO;
				MTL_FAST_MATH = YES;
				SDKROOT = iphoneos;
				SWIFT_COMPILATION_MODE = wholemodule;
				SWIFT_OPTIMIZATION_LEVEL = "-O";
				VALIDATE_PRODUCT = YES;
			};
			name = Release;
		};
		7EC9992D2848A5BE008D04FD /* Debug */ = {
			isa = XCBuildConfiguration;
			buildSettings = {
				ASSETCATALOG_COMPILER_APPICON_NAME = AppIcon;
				ASSETCATALOG_COMPILER_GLOBAL_ACCENT_COLOR_NAME = AccentColor;
				CODE_SIGN_STYLE = Automatic;
				CURRENT_PROJECT_VERSION = 1;
				DEVELOPMENT_ASSET_PATHS = "\"HappyTime/Preview Content\"";
				DEVELOPMENT_TEAM = F84D8WB847;
				ENABLE_PREVIEWS = YES;
				GENERATE_INFOPLIST_FILE = YES;
				INFOPLIST_KEY_UIApplicationSceneManifest_Generation = YES;
				INFOPLIST_KEY_UIApplicationSupportsIndirectInputEvents = YES;
				INFOPLIST_KEY_UILaunchScreen_Generation = YES;
				INFOPLIST_KEY_UISupportedInterfaceOrientations_iPad = "UIInterfaceOrientationPortrait UIInterfaceOrientationPortraitUpsideDown UIInterfaceOrientationLandscapeLeft UIInterfaceOrientationLandscapeRight";
				INFOPLIST_KEY_UISupportedInterfaceOrientations_iPhone = "UIInterfaceOrientationPortrait UIInterfaceOrientationLandscapeLeft UIInterfaceOrientationLandscapeRight";
				LD_RUNPATH_SEARCH_PATHS = (
					"$(inherited)",
					"@executable_path/Frameworks",
				);
				MARKETING_VERSION = 1.0;
				PRODUCT_BUNDLE_IDENTIFIER = net.meandlife.HappyTime;
				PRODUCT_NAME = "$(TARGET_NAME)";
				SWIFT_EMIT_LOC_STRINGS = YES;
				SWIFT_VERSION = 5.0;
				TARGETED_DEVICE_FAMILY = "1,2";
			};
			name = Debug;
		};
		7EC9992E2848A5BE008D04FD /* Release */ = {
			isa = XCBuildConfiguration;
			buildSettings = {
				ASSETCATALOG_COMPILER_APPICON_NAME = AppIcon;
				ASSETCATALOG_COMPILER_GLOBAL_ACCENT_COLOR_NAME = AccentColor;
				CODE_SIGN_STYLE = Automatic;
				CURRENT_PROJECT_VERSION = 1;
				DEVELOPMENT_ASSET_PATHS = "\"HappyTime/Preview Content\"";
				DEVELOPMENT_TEAM = F84D8WB847;
				ENABLE_PREVIEWS = YES;
				GENERATE_INFOPLIST_FILE = YES;
				INFOPLIST_KEY_UIApplicationSceneManifest_Generation = YES;
				INFOPLIST_KEY_UIApplicationSupportsIndirectInputEvents = YES;
				INFOPLIST_KEY_UILaunchScreen_Generation = YES;
				INFOPLIST_KEY_UISupportedInterfaceOrientations_iPad = "UIInterfaceOrientationPortrait UIInterfaceOrientationPortraitUpsideDown UIInterfaceOrientationLandscapeLeft UIInterfaceOrientationLandscapeRight";
				INFOPLIST_KEY_UISupportedInterfaceOrientations_iPhone = "UIInterfaceOrientationPortrait UIInterfaceOrientationLandscapeLeft UIInterfaceOrientationLandscapeRight";
				LD_RUNPATH_SEARCH_PATHS = (
					"$(inherited)",
					"@executable_path/Frameworks",
				);
				MARKETING_VERSION = 1.0;
				PRODUCT_BUNDLE_IDENTIFIER = net.meandlife.HappyTime;
				PRODUCT_NAME = "$(TARGET_NAME)";
				SWIFT_EMIT_LOC_STRINGS = YES;
				SWIFT_VERSION = 5.0;
				TARGETED_DEVICE_FAMILY = "1,2";
			};
			name = Release;
		};
		7EC999302848A5BE008D04FD /* Debug */ = {
			isa = XCBuildConfiguration;
			buildSettings = {
				ALWAYS_EMBED_SWIFT_STANDARD_LIBRARIES = YES;
				BUNDLE_LOADER = "$(TEST_HOST)";
				CODE_SIGN_STYLE = Automatic;
				CURRENT_PROJECT_VERSION = 1;
				DEVELOPMENT_TEAM = F84D8WB847;
				GENERATE_INFOPLIST_FILE = YES;
				IPHONEOS_DEPLOYMENT_TARGET = 15.2;
				MARKETING_VERSION = 1.0;
				PRODUCT_BUNDLE_IDENTIFIER = net.meandlife.HappyTimeTests;
				PRODUCT_NAME = "$(TARGET_NAME)";
				SWIFT_EMIT_LOC_STRINGS = NO;
				SWIFT_VERSION = 5.0;
				TARGETED_DEVICE_FAMILY = "1,2";
				TEST_HOST = "$(BUILT_PRODUCTS_DIR)/HappyTime.app/HappyTime";
			};
			name = Debug;
		};
		7EC999312848A5BE008D04FD /* Release */ = {
			isa = XCBuildConfiguration;
			buildSettings = {
				ALWAYS_EMBED_SWIFT_STANDARD_LIBRARIES = YES;
				BUNDLE_LOADER = "$(TEST_HOST)";
				CODE_SIGN_STYLE = Automatic;
				CURRENT_PROJECT_VERSION = 1;
				DEVELOPMENT_TEAM = F84D8WB847;
				GENERATE_INFOPLIST_FILE = YES;
				IPHONEOS_DEPLOYMENT_TARGET = 15.2;
				MARKETING_VERSION = 1.0;
				PRODUCT_BUNDLE_IDENTIFIER = net.meandlife.HappyTimeTests;
				PRODUCT_NAME = "$(TARGET_NAME)";
				SWIFT_EMIT_LOC_STRINGS = NO;
				SWIFT_VERSION = 5.0;
				TARGETED_DEVICE_FAMILY = "1,2";
				TEST_HOST = "$(BUILT_PRODUCTS_DIR)/HappyTime.app/HappyTime";
			};
			name = Release;
		};
		7EC999332848A5BE008D04FD /* Debug */ = {
			isa = XCBuildConfiguration;
			buildSettings = {
				ALWAYS_EMBED_SWIFT_STANDARD_LIBRARIES = YES;
				CODE_SIGN_STYLE = Automatic;
				CURRENT_PROJECT_VERSION = 1;
				DEVELOPMENT_TEAM = F84D8WB847;
				GENERATE_INFOPLIST_FILE = YES;
				MARKETING_VERSION = 1.0;
				PRODUCT_BUNDLE_IDENTIFIER = net.meandlife.HappyTimeUITests;
				PRODUCT_NAME = "$(TARGET_NAME)";
				SWIFT_EMIT_LOC_STRINGS = NO;
				SWIFT_VERSION = 5.0;
				TARGETED_DEVICE_FAMILY = "1,2";
				TEST_TARGET_NAME = HappyTime;
			};
			name = Debug;
		};
		7EC999342848A5BE008D04FD /* Release */ = {
			isa = XCBuildConfiguration;
			buildSettings = {
				ALWAYS_EMBED_SWIFT_STANDARD_LIBRARIES = YES;
				CODE_SIGN_STYLE = Automatic;
				CURRENT_PROJECT_VERSION = 1;
				DEVELOPMENT_TEAM = F84D8WB847;
				GENERATE_INFOPLIST_FILE = YES;
				MARKETING_VERSION = 1.0;
				PRODUCT_BUNDLE_IDENTIFIER = net.meandlife.HappyTimeUITests;
				PRODUCT_NAME = "$(TARGET_NAME)";
				SWIFT_EMIT_LOC_STRINGS = NO;
				SWIFT_VERSION = 5.0;
				TARGETED_DEVICE_FAMILY = "1,2";
				TEST_TARGET_NAME = HappyTime;
			};
			name = Release;
		};
/* End XCBuildConfiguration section */

/* Begin XCConfigurationList section */
		7EC999032848A5BC008D04FD /* Build configuration list for PBXProject "HappyTime" */ = {
			isa = XCConfigurationList;
			buildConfigurations = (
				7EC9992A2848A5BE008D04FD /* Debug */,
				7EC9992B2848A5BE008D04FD /* Release */,
			);
			defaultConfigurationIsVisible = 0;
			defaultConfigurationName = Release;
		};
		7EC9992C2848A5BE008D04FD /* Build configuration list for PBXNativeTarget "HappyTime" */ = {
			isa = XCConfigurationList;
			buildConfigurations = (
				7EC9992D2848A5BE008D04FD /* Debug */,
				7EC9992E2848A5BE008D04FD /* Release */,
			);
			defaultConfigurationIsVisible = 0;
			defaultConfigurationName = Release;
		};
		7EC9992F2848A5BE008D04FD /* Build configuration list for PBXNativeTarget "HappyTimeTests" */ = {
			isa = XCConfigurationList;
			buildConfigurations = (
				7EC999302848A5BE008D04FD /* Debug */,
				7EC999312848A5BE008D04FD /* Release */,
			);
			defaultConfigurationIsVisible = 0;
			defaultConfigurationName = Release;
		};
		7EC999322848A5BE008D04FD /* Build configuration list for PBXNativeTarget "HappyTimeUITests" */ = {
			isa = XCConfigurationList;
			buildConfigurations = (
				7EC999332848A5BE008D04FD /* Debug */,
				7EC999342848A5BE008D04FD /* Release */,
			);
			defaultConfigurationIsVisible = 0;
			defaultConfigurationName = Release;
		};
/* End XCConfigurationList section */
	};
	rootObject = 7EC999002848A5BC008D04FD /* Project object */;
}
